// !$*UTF8*$!
{
	archiveVersion = 1;
	classes = {
	};
	objectVersion = 55;
	objects = {

/* Begin PBXBuildFile section */
		600E1B05285B41EA00F3C16C /* OrderDetailsInfoServiceCell.swift in Sources */ = {isa = PBXBuildFile; fileRef = 600E1B03285B41EA00F3C16C /* OrderDetailsInfoServiceCell.swift */; };
		600E1B06285B41EA00F3C16C /* OrderDetailsInfoServiceCell.xib in Resources */ = {isa = PBXBuildFile; fileRef = 600E1B04285B41EA00F3C16C /* OrderDetailsInfoServiceCell.xib */; };
		600E1B09285B5C0200F3C16C /* OrderDetailsInfoParcelInfoCell.swift in Sources */ = {isa = PBXBuildFile; fileRef = 600E1B07285B5C0200F3C16C /* OrderDetailsInfoParcelInfoCell.swift */; };
		600E1B0A285B5C0200F3C16C /* OrderDetailsInfoParcelInfoCell.xib in Resources */ = {isa = PBXBuildFile; fileRef = 600E1B08285B5C0200F3C16C /* OrderDetailsInfoParcelInfoCell.xib */; };
		600E1B0C285C957900F3C16C /* OrderDetailInfoDecorationItem.xib in Resources */ = {isa = PBXBuildFile; fileRef = 600E1B0B285C957900F3C16C /* OrderDetailInfoDecorationItem.xib */; };
		600E1B14285CA63700F3C16C /* OrderDetailInfoHeader.swift in Sources */ = {isa = PBXBuildFile; fileRef = 600E1B12285CA63700F3C16C /* OrderDetailInfoHeader.swift */; };
		600E1B15285CA63700F3C16C /* OrderDetailInfoHeader.xib in Resources */ = {isa = PBXBuildFile; fileRef = 600E1B13285CA63700F3C16C /* OrderDetailInfoHeader.xib */; };
		6029D94F28605DD70082A985 /* FakeData.swift in Sources */ = {isa = PBXBuildFile; fileRef = 6029D94E28605DD70082A985 /* FakeData.swift */; };
		608DBE49284F6BAA00A4A488 /* DeliveryStatusCardView.xib in Resources */ = {isa = PBXBuildFile; fileRef = 608DBE48284F6BAA00A4A488 /* DeliveryStatusCardView.xib */; };
		608DBE4B284F787D00A4A488 /* DeliveryStatusCardView.swift in Sources */ = {isa = PBXBuildFile; fileRef = 608DBE4A284F787D00A4A488 /* DeliveryStatusCardView.swift */; };
		608DBE4E284F9D2900A4A488 /* DeliveryStatusDocumentation.docc in Sources */ = {isa = PBXBuildFile; fileRef = 608DBE4D284F9D2900A4A488 /* DeliveryStatusDocumentation.docc */; };
		608DBE512852246900A4A488 /* OrderDTO.swift in Sources */ = {isa = PBXBuildFile; fileRef = 608DBE502852246900A4A488 /* OrderDTO.swift */; };
		608DBE53285239E900A4A488 /* StatusWidgetViewModelBuilder.swift in Sources */ = {isa = PBXBuildFile; fileRef = 608DBE52285239E900A4A488 /* StatusWidgetViewModelBuilder.swift */; };
		6098C93A2859E0E700F30C9B /* OrderDetailInfoViewModels.swift in Sources */ = {isa = PBXBuildFile; fileRef = 6098C9392859E0E700F30C9B /* OrderDetailInfoViewModels.swift */; };
		6098C93F2859E48300F30C9B /* OrderDetailInfoWidgetView.xib in Resources */ = {isa = PBXBuildFile; fileRef = 6098C93E2859E48300F30C9B /* OrderDetailInfoWidgetView.xib */; };
		6098C9412859F3B300F30C9B /* OrderDetailInfoWidget.swift in Sources */ = {isa = PBXBuildFile; fileRef = 6098C9402859F3B300F30C9B /* OrderDetailInfoWidget.swift */; };
		6098C9432859FD8E00F30C9B /* OrderDetailInfoScene.storyboard in Resources */ = {isa = PBXBuildFile; fileRef = 6098C9422859FD8E00F30C9B /* OrderDetailInfoScene.storyboard */; };
		6098C948285A075400F30C9B /* OrderDetailInfoViewController.swift in Sources */ = {isa = PBXBuildFile; fileRef = 6098C947285A075400F30C9B /* OrderDetailInfoViewController.swift */; };
		6098C94A285A0BC900F30C9B /* DeliveryStatusWidgetView.swift in Sources */ = {isa = PBXBuildFile; fileRef = 6098C949285A0BC900F30C9B /* DeliveryStatusWidgetView.swift */; };
		6098C94E285A0EBA00F30C9B /* OrderDetailsInfoTitleGroupCell.swift in Sources */ = {isa = PBXBuildFile; fileRef = 6098C94C285A0EBA00F30C9B /* OrderDetailsInfoTitleGroupCell.swift */; };
		6098C94F285A0EBA00F30C9B /* OrderDetailsInfoTitleGroupCell.xib in Resources */ = {isa = PBXBuildFile; fileRef = 6098C94D285A0EBA00F30C9B /* OrderDetailsInfoTitleGroupCell.xib */; };
		6098C954285A0FC100F30C9B /* OrderDetailsInfoOrderActorCell.swift in Sources */ = {isa = PBXBuildFile; fileRef = 6098C952285A0FC100F30C9B /* OrderDetailsInfoOrderActorCell.swift */; };
		6098C955285A0FC100F30C9B /* OrderDetailsInfoOrderActorCell.xib in Resources */ = {isa = PBXBuildFile; fileRef = 6098C953285A0FC100F30C9B /* OrderDetailsInfoOrderActorCell.xib */; };
		60FC9F84284100A400758ACC /* AppDelegate.swift in Sources */ = {isa = PBXBuildFile; fileRef = 60FC9F83284100A400758ACC /* AppDelegate.swift */; };
		60FC9F86284100A400758ACC /* SceneDelegate.swift in Sources */ = {isa = PBXBuildFile; fileRef = 60FC9F85284100A400758ACC /* SceneDelegate.swift */; };
		60FC9F88284100A400758ACC /* ViewController.swift in Sources */ = {isa = PBXBuildFile; fileRef = 60FC9F87284100A400758ACC /* ViewController.swift */; };
		60FC9F8B284100A400758ACC /* Main.storyboard in Resources */ = {isa = PBXBuildFile; fileRef = 60FC9F89284100A400758ACC /* Main.storyboard */; };
		60FC9F8D284100A500758ACC /* Assets.xcassets in Resources */ = {isa = PBXBuildFile; fileRef = 60FC9F8C284100A500758ACC /* Assets.xcassets */; };
		60FC9F90284100A500758ACC /* LaunchScreen.storyboard in Resources */ = {isa = PBXBuildFile; fileRef = 60FC9F8E284100A500758ACC /* LaunchScreen.storyboard */; };
		60FC9F9A28410E9500758ACC /* DeliveryStatusStepView.swift in Sources */ = {isa = PBXBuildFile; fileRef = 60FC9F9928410E9500758ACC /* DeliveryStatusStepView.swift */; };
		60FC9F9C28410EAC00758ACC /* DeliveryStatusTitleView.swift in Sources */ = {isa = PBXBuildFile; fileRef = 60FC9F9B28410EAC00758ACC /* DeliveryStatusTitleView.swift */; };
		60FC9F9E2841148D00758ACC /* DeliveryStatusTitleView.xib in Resources */ = {isa = PBXBuildFile; fileRef = 60FC9F9D2841148D00758ACC /* DeliveryStatusTitleView.xib */; };
		60FC9FA02841159400758ACC /* DeliveryStatusStepView.xib in Resources */ = {isa = PBXBuildFile; fileRef = 60FC9F9F2841159400758ACC /* DeliveryStatusStepView.xib */; };
		60FC9FA72846204100758ACC /* Global.swift in Sources */ = {isa = PBXBuildFile; fileRef = 60FC9FA62846204100758ACC /* Global.swift */; };
		60FC9FAA2846277700758ACC /* DeliveryStatusView.swift in Sources */ = {isa = PBXBuildFile; fileRef = 60FC9FA92846277700758ACC /* DeliveryStatusView.swift */; };
		60FC9FAC2846565600758ACC /* DeliveryStatusViewModels.swift in Sources */ = {isa = PBXBuildFile; fileRef = 60FC9FAB2846565600758ACC /* DeliveryStatusViewModels.swift */; };
/* End PBXBuildFile section */

/* Begin PBXFileReference section */
		600E1B03285B41EA00F3C16C /* OrderDetailsInfoServiceCell.swift */ = {isa = PBXFileReference; lastKnownFileType = sourcecode.swift; path = OrderDetailsInfoServiceCell.swift; sourceTree = "<group>"; };
		600E1B04285B41EA00F3C16C /* OrderDetailsInfoServiceCell.xib */ = {isa = PBXFileReference; lastKnownFileType = file.xib; path = OrderDetailsInfoServiceCell.xib; sourceTree = "<group>"; };
		600E1B07285B5C0200F3C16C /* OrderDetailsInfoParcelInfoCell.swift */ = {isa = PBXFileReference; lastKnownFileType = sourcecode.swift; path = OrderDetailsInfoParcelInfoCell.swift; sourceTree = "<group>"; };
		600E1B08285B5C0200F3C16C /* OrderDetailsInfoParcelInfoCell.xib */ = {isa = PBXFileReference; lastKnownFileType = file.xib; path = OrderDetailsInfoParcelInfoCell.xib; sourceTree = "<group>"; };
		600E1B0B285C957900F3C16C /* OrderDetailInfoDecorationItem.xib */ = {isa = PBXFileReference; lastKnownFileType = file.xib; path = OrderDetailInfoDecorationItem.xib; sourceTree = "<group>"; };
		600E1B12285CA63700F3C16C /* OrderDetailInfoHeader.swift */ = {isa = PBXFileReference; fileEncoding = 4; lastKnownFileType = sourcecode.swift; path = OrderDetailInfoHeader.swift; sourceTree = "<group>"; };
		600E1B13285CA63700F3C16C /* OrderDetailInfoHeader.xib */ = {isa = PBXFileReference; fileEncoding = 4; lastKnownFileType = file.xib; path = OrderDetailInfoHeader.xib; sourceTree = "<group>"; };
		6029D94E28605DD70082A985 /* FakeData.swift */ = {isa = PBXFileReference; lastKnownFileType = sourcecode.swift; path = FakeData.swift; sourceTree = "<group>"; };
		608DBE48284F6BAA00A4A488 /* DeliveryStatusCardView.xib */ = {isa = PBXFileReference; lastKnownFileType = file.xib; path = DeliveryStatusCardView.xib; sourceTree = "<group>"; };
		608DBE4A284F787D00A4A488 /* DeliveryStatusCardView.swift */ = {isa = PBXFileReference; lastKnownFileType = sourcecode.swift; path = DeliveryStatusCardView.swift; sourceTree = "<group>"; };
		608DBE4D284F9D2900A4A488 /* DeliveryStatusDocumentation.docc */ = {isa = PBXFileReference; lastKnownFileType = folder.documentationcatalog; path = DeliveryStatusDocumentation.docc; sourceTree = "<group>"; };
		608DBE502852246900A4A488 /* OrderDTO.swift */ = {isa = PBXFileReference; lastKnownFileType = sourcecode.swift; path = OrderDTO.swift; sourceTree = "<group>"; };
		608DBE52285239E900A4A488 /* StatusWidgetViewModelBuilder.swift */ = {isa = PBXFileReference; lastKnownFileType = sourcecode.swift; path = StatusWidgetViewModelBuilder.swift; sourceTree = "<group>"; };
		6098C9392859E0E700F30C9B /* OrderDetailInfoViewModels.swift */ = {isa = PBXFileReference; lastKnownFileType = sourcecode.swift; path = OrderDetailInfoViewModels.swift; sourceTree = "<group>"; };
		6098C93E2859E48300F30C9B /* OrderDetailInfoWidgetView.xib */ = {isa = PBXFileReference; lastKnownFileType = file.xib; path = OrderDetailInfoWidgetView.xib; sourceTree = "<group>"; };
		6098C9402859F3B300F30C9B /* OrderDetailInfoWidget.swift */ = {isa = PBXFileReference; lastKnownFileType = sourcecode.swift; path = OrderDetailInfoWidget.swift; sourceTree = "<group>"; };
		6098C9422859FD8E00F30C9B /* OrderDetailInfoScene.storyboard */ = {isa = PBXFileReference; lastKnownFileType = file.storyboard; path = OrderDetailInfoScene.storyboard; sourceTree = "<group>"; };
		6098C947285A075400F30C9B /* OrderDetailInfoViewController.swift */ = {isa = PBXFileReference; lastKnownFileType = sourcecode.swift; path = OrderDetailInfoViewController.swift; sourceTree = "<group>"; };
		6098C949285A0BC900F30C9B /* DeliveryStatusWidgetView.swift */ = {isa = PBXFileReference; lastKnownFileType = sourcecode.swift; path = DeliveryStatusWidgetView.swift; sourceTree = "<group>"; };
		6098C94C285A0EBA00F30C9B /* OrderDetailsInfoTitleGroupCell.swift */ = {isa = PBXFileReference; lastKnownFileType = sourcecode.swift; path = OrderDetailsInfoTitleGroupCell.swift; sourceTree = "<group>"; };
		6098C94D285A0EBA00F30C9B /* OrderDetailsInfoTitleGroupCell.xib */ = {isa = PBXFileReference; lastKnownFileType = file.xib; path = OrderDetailsInfoTitleGroupCell.xib; sourceTree = "<group>"; };
		6098C952285A0FC100F30C9B /* OrderDetailsInfoOrderActorCell.swift */ = {isa = PBXFileReference; lastKnownFileType = sourcecode.swift; path = OrderDetailsInfoOrderActorCell.swift; sourceTree = "<group>"; };
		6098C953285A0FC100F30C9B /* OrderDetailsInfoOrderActorCell.xib */ = {isa = PBXFileReference; lastKnownFileType = file.xib; path = OrderDetailsInfoOrderActorCell.xib; sourceTree = "<group>"; };
		60FC9F80284100A400758ACC /* DeliveryStatus.app */ = {isa = PBXFileReference; explicitFileType = wrapper.application; includeInIndex = 0; path = DeliveryStatus.app; sourceTree = BUILT_PRODUCTS_DIR; };
		60FC9F83284100A400758ACC /* AppDelegate.swift */ = {isa = PBXFileReference; lastKnownFileType = sourcecode.swift; path = AppDelegate.swift; sourceTree = "<group>"; };
		60FC9F85284100A400758ACC /* SceneDelegate.swift */ = {isa = PBXFileReference; lastKnownFileType = sourcecode.swift; path = SceneDelegate.swift; sourceTree = "<group>"; };
		60FC9F87284100A400758ACC /* ViewController.swift */ = {isa = PBXFileReference; lastKnownFileType = sourcecode.swift; path = ViewController.swift; sourceTree = "<group>"; };
		60FC9F8A284100A400758ACC /* Base */ = {isa = PBXFileReference; lastKnownFileType = file.storyboard; name = Base; path = Base.lproj/Main.storyboard; sourceTree = "<group>"; };
		60FC9F8C284100A500758ACC /* Assets.xcassets */ = {isa = PBXFileReference; lastKnownFileType = folder.assetcatalog; path = Assets.xcassets; sourceTree = "<group>"; };
		60FC9F8F284100A500758ACC /* Base */ = {isa = PBXFileReference; lastKnownFileType = file.storyboard; name = Base; path = Base.lproj/LaunchScreen.storyboard; sourceTree = "<group>"; };
		60FC9F91284100A500758ACC /* Info.plist */ = {isa = PBXFileReference; lastKnownFileType = text.plist.xml; path = Info.plist; sourceTree = "<group>"; };
		60FC9F9928410E9500758ACC /* DeliveryStatusStepView.swift */ = {isa = PBXFileReference; lastKnownFileType = sourcecode.swift; path = DeliveryStatusStepView.swift; sourceTree = "<group>"; };
		60FC9F9B28410EAC00758ACC /* DeliveryStatusTitleView.swift */ = {isa = PBXFileReference; lastKnownFileType = sourcecode.swift; path = DeliveryStatusTitleView.swift; sourceTree = "<group>"; };
		60FC9F9D2841148D00758ACC /* DeliveryStatusTitleView.xib */ = {isa = PBXFileReference; lastKnownFileType = file.xib; path = DeliveryStatusTitleView.xib; sourceTree = "<group>"; };
		60FC9F9F2841159400758ACC /* DeliveryStatusStepView.xib */ = {isa = PBXFileReference; lastKnownFileType = file.xib; path = DeliveryStatusStepView.xib; sourceTree = "<group>"; };
		60FC9FA62846204100758ACC /* Global.swift */ = {isa = PBXFileReference; lastKnownFileType = sourcecode.swift; path = Global.swift; sourceTree = "<group>"; };
		60FC9FA92846277700758ACC /* DeliveryStatusView.swift */ = {isa = PBXFileReference; lastKnownFileType = sourcecode.swift; path = DeliveryStatusView.swift; sourceTree = "<group>"; };
		60FC9FAB2846565600758ACC /* DeliveryStatusViewModels.swift */ = {isa = PBXFileReference; lastKnownFileType = sourcecode.swift; path = DeliveryStatusViewModels.swift; sourceTree = "<group>"; };
/* End PBXFileReference section */

/* Begin PBXFrameworksBuildPhase section */
		60FC9F7D284100A400758ACC /* Frameworks */ = {
			isa = PBXFrameworksBuildPhase;
			buildActionMask = 2147483647;
			files = (
			);
			runOnlyForDeploymentPostprocessing = 0;
		};
/* End PBXFrameworksBuildPhase section */

/* Begin PBXGroup section */
		600E1B02285B28DF00F3C16C /* OrderDetailsInfoParcelInfoCell */ = {
			isa = PBXGroup;
			children = (
				600E1B07285B5C0200F3C16C /* OrderDetailsInfoParcelInfoCell.swift */,
				600E1B08285B5C0200F3C16C /* OrderDetailsInfoParcelInfoCell.xib */,
			);
			path = OrderDetailsInfoParcelInfoCell;
			sourceTree = "<group>";
		};
		600E1B11285CA63700F3C16C /* HeaderScene */ = {
			isa = PBXGroup;
			children = (
				600E1B12285CA63700F3C16C /* OrderDetailInfoHeader.swift */,
				600E1B13285CA63700F3C16C /* OrderDetailInfoHeader.xib */,
			);
			path = HeaderScene;
			sourceTree = "<group>";
		};
		6029D950286060200082A985 /* Decoration */ = {
			isa = PBXGroup;
			children = (
				600E1B0B285C957900F3C16C /* OrderDetailInfoDecorationItem.xib */,
			);
			path = Decoration;
			sourceTree = "<group>";
		};
		608DBE47284F417B00A4A488 /* DeliveryStatusCardView */ = {
			isa = PBXGroup;
			children = (
				608DBE48284F6BAA00A4A488 /* DeliveryStatusCardView.xib */,
				608DBE4A284F787D00A4A488 /* DeliveryStatusCardView.swift */,
			);
			path = DeliveryStatusCardView;
			sourceTree = "<group>";
		};
		608DBE4C284F929400A4A488 /* ViewModels */ = {
			isa = PBXGroup;
			children = (
				60FC9FAB2846565600758ACC /* DeliveryStatusViewModels.swift */,
			);
			path = ViewModels;
			sourceTree = "<group>";
		};
		608DBE4F2852242100A4A488 /* DTO */ = {
			isa = PBXGroup;
			children = (
				608DBE502852246900A4A488 /* OrderDTO.swift */,
				608DBE52285239E900A4A488 /* StatusWidgetViewModelBuilder.swift */,
			);
			path = DTO;
			sourceTree = "<group>";
		};
		6098C9372859DE1F00F30C9B /* OrderDetailInfo */ = {
			isa = PBXGroup;
			children = (
				60B859A92861AF8A006F01BF /* ViewModels */,
				6029D950286060200082A985 /* Decoration */,
				600E1B11285CA63700F3C16C /* HeaderScene */,
				6098C9442859FE0100F30C9B /* Cells */,
				6098C93B2859E45500F30C9B /* Widget */,
				6098C9422859FD8E00F30C9B /* OrderDetailInfoScene.storyboard */,
				6098C947285A075400F30C9B /* OrderDetailInfoViewController.swift */,
			);
			path = OrderDetailInfo;
			sourceTree = "<group>";
		};
		6098C9382859E06700F30C9B /* DeliveryStatus */ = {
			isa = PBXGroup;
			children = (
				60B859AA2861B01E006F01BF /* Widget */,
				608DBE47284F417B00A4A488 /* DeliveryStatusCardView */,
				60FC9FA82846275000758ACC /* DeliveryStatusView */,
				60FC9F9828410DD600758ACC /* DeliveryStatusTitleView */,
				60FC9F9728410DBD00758ACC /* DeliveryStatusStepView */,
				608DBE4C284F929400A4A488 /* ViewModels */,
				60FC9F87284100A400758ACC /* ViewController.swift */,
				60FC9F89284100A400758ACC /* Main.storyboard */,
			);
			path = DeliveryStatus;
			sourceTree = "<group>";
		};
		6098C93B2859E45500F30C9B /* Widget */ = {
			isa = PBXGroup;
			children = (
				6098C93E2859E48300F30C9B /* OrderDetailInfoWidgetView.xib */,
				6098C9402859F3B300F30C9B /* OrderDetailInfoWidget.swift */,
			);
			path = Widget;
			sourceTree = "<group>";
		};
		6098C9442859FE0100F30C9B /* Cells */ = {
			isa = PBXGroup;
			children = (
				600E1B02285B28DF00F3C16C /* OrderDetailsInfoParcelInfoCell */,
				6098C951285A0F9000F30C9B /* OrderDetailsInfoServiceCell */,
				6098C950285A0F3200F30C9B /* OrderDetailsInfoOrderActorCell */,
				6098C94B285A0E7E00F30C9B /* OrderDetailsInfoTitleGroupCell */,
			);
			path = Cells;
			sourceTree = "<group>";
		};
		6098C94B285A0E7E00F30C9B /* OrderDetailsInfoTitleGroupCell */ = {
			isa = PBXGroup;
			children = (
				6098C94C285A0EBA00F30C9B /* OrderDetailsInfoTitleGroupCell.swift */,
				6098C94D285A0EBA00F30C9B /* OrderDetailsInfoTitleGroupCell.xib */,
			);
			path = OrderDetailsInfoTitleGroupCell;
			sourceTree = "<group>";
		};
		6098C950285A0F3200F30C9B /* OrderDetailsInfoOrderActorCell */ = {
			isa = PBXGroup;
			children = (
				6098C952285A0FC100F30C9B /* OrderDetailsInfoOrderActorCell.swift */,
				6098C953285A0FC100F30C9B /* OrderDetailsInfoOrderActorCell.xib */,
			);
			path = OrderDetailsInfoOrderActorCell;
			sourceTree = "<group>";
		};
		6098C951285A0F9000F30C9B /* OrderDetailsInfoServiceCell */ = {
			isa = PBXGroup;
			children = (
				600E1B03285B41EA00F3C16C /* OrderDetailsInfoServiceCell.swift */,
				600E1B04285B41EA00F3C16C /* OrderDetailsInfoServiceCell.xib */,
			);
			path = OrderDetailsInfoServiceCell;
			sourceTree = "<group>";
		};
		60B859A92861AF8A006F01BF /* ViewModels */ = {
			isa = PBXGroup;
			children = (
				6098C9392859E0E700F30C9B /* OrderDetailInfoViewModels.swift */,
			);
			path = ViewModels;
			sourceTree = "<group>";
		};
		60B859AA2861B01E006F01BF /* Widget */ = {
			isa = PBXGroup;
			children = (
				6098C949285A0BC900F30C9B /* DeliveryStatusWidgetView.swift */,
			);
			path = Widget;
			sourceTree = "<group>";
		};
		60FC9F77284100A400758ACC = {
			isa = PBXGroup;
			children = (
				6029D94E28605DD70082A985 /* FakeData.swift */,
				60FC9F82284100A400758ACC /* DeliveryStatus */,
				60FC9F81284100A400758ACC /* Products */,
			);
			sourceTree = "<group>";
		};
		60FC9F81284100A400758ACC /* Products */ = {
			isa = PBXGroup;
			children = (
				60FC9F80284100A400758ACC /* DeliveryStatus.app */,
			);
			name = Products;
			sourceTree = "<group>";
		};
		60FC9F82284100A400758ACC /* DeliveryStatus */ = {
			isa = PBXGroup;
			children = (
				6098C9382859E06700F30C9B /* DeliveryStatus */,
				6098C9372859DE1F00F30C9B /* OrderDetailInfo */,
				608DBE4F2852242100A4A488 /* DTO */,
				60FC9F83284100A400758ACC /* AppDelegate.swift */,
				60FC9F85284100A400758ACC /* SceneDelegate.swift */,
				60FC9F8C284100A500758ACC /* Assets.xcassets */,
				60FC9F8E284100A500758ACC /* LaunchScreen.storyboard */,
				60FC9F91284100A500758ACC /* Info.plist */,
				60FC9FA62846204100758ACC /* Global.swift */,
				608DBE4D284F9D2900A4A488 /* DeliveryStatusDocumentation.docc */,
			);
			path = DeliveryStatus;
			sourceTree = "<group>";
		};
		60FC9F9728410DBD00758ACC /* DeliveryStatusStepView */ = {
			isa = PBXGroup;
			children = (
				60FC9F9928410E9500758ACC /* DeliveryStatusStepView.swift */,
				60FC9F9F2841159400758ACC /* DeliveryStatusStepView.xib */,
			);
			path = DeliveryStatusStepView;
			sourceTree = "<group>";
		};
		60FC9F9828410DD600758ACC /* DeliveryStatusTitleView */ = {
			isa = PBXGroup;
			children = (
				60FC9F9B28410EAC00758ACC /* DeliveryStatusTitleView.swift */,
				60FC9F9D2841148D00758ACC /* DeliveryStatusTitleView.xib */,
			);
			path = DeliveryStatusTitleView;
			sourceTree = "<group>";
		};
		60FC9FA82846275000758ACC /* DeliveryStatusView */ = {
			isa = PBXGroup;
			children = (
				60FC9FA92846277700758ACC /* DeliveryStatusView.swift */,
			);
			path = DeliveryStatusView;
			sourceTree = "<group>";
		};
/* End PBXGroup section */

/* Begin PBXNativeTarget section */
		60FC9F7F284100A400758ACC /* DeliveryStatus */ = {
			isa = PBXNativeTarget;
			buildConfigurationList = 60FC9F94284100A500758ACC /* Build configuration list for PBXNativeTarget "DeliveryStatus" */;
			buildPhases = (
				60FC9F7C284100A400758ACC /* Sources */,
				60FC9F7D284100A400758ACC /* Frameworks */,
				60FC9F7E284100A400758ACC /* Resources */,
			);
			buildRules = (
			);
			dependencies = (
			);
			name = DeliveryStatus;
			productName = DeliveryStatus;
			productReference = 60FC9F80284100A400758ACC /* DeliveryStatus.app */;
			productType = "com.apple.product-type.application";
		};
/* End PBXNativeTarget section */

/* Begin PBXProject section */
		60FC9F78284100A400758ACC /* Project object */ = {
			isa = PBXProject;
			attributes = {
				BuildIndependentTargetsInParallel = 1;
				LastSwiftUpdateCheck = 1330;
				LastUpgradeCheck = 1330;
				TargetAttributes = {
					60FC9F7F284100A400758ACC = {
						CreatedOnToolsVersion = 13.3.1;
					};
				};
			};
			buildConfigurationList = 60FC9F7B284100A400758ACC /* Build configuration list for PBXProject "DeliveryStatus" */;
			compatibilityVersion = "Xcode 13.0";
			developmentRegion = en;
			hasScannedForEncodings = 0;
			knownRegions = (
				en,
				Base,
			);
			mainGroup = 60FC9F77284100A400758ACC;
			productRefGroup = 60FC9F81284100A400758ACC /* Products */;
			projectDirPath = "";
			projectRoot = "";
			targets = (
				60FC9F7F284100A400758ACC /* DeliveryStatus */,
			);
		};
/* End PBXProject section */

/* Begin PBXResourcesBuildPhase section */
		60FC9F7E284100A400758ACC /* Resources */ = {
			isa = PBXResourcesBuildPhase;
			buildActionMask = 2147483647;
			files = (
				600E1B06285B41EA00F3C16C /* OrderDetailsInfoServiceCell.xib in Resources */,
				600E1B0C285C957900F3C16C /* OrderDetailInfoDecorationItem.xib in Resources */,
				6098C94F285A0EBA00F30C9B /* OrderDetailsInfoTitleGroupCell.xib in Resources */,
				6098C93F2859E48300F30C9B /* OrderDetailInfoWidgetView.xib in Resources */,
				6098C955285A0FC100F30C9B /* OrderDetailsInfoOrderActorCell.xib in Resources */,
				600E1B0A285B5C0200F3C16C /* OrderDetailsInfoParcelInfoCell.xib in Resources */,
				600E1B15285CA63700F3C16C /* OrderDetailInfoHeader.xib in Resources */,
				60FC9F90284100A500758ACC /* LaunchScreen.storyboard in Resources */,
				6098C9432859FD8E00F30C9B /* OrderDetailInfoScene.storyboard in Resources */,
				60FC9F9E2841148D00758ACC /* DeliveryStatusTitleView.xib in Resources */,
				60FC9F8D284100A500758ACC /* Assets.xcassets in Resources */,
				608DBE49284F6BAA00A4A488 /* DeliveryStatusCardView.xib in Resources */,
				60FC9FA02841159400758ACC /* DeliveryStatusStepView.xib in Resources */,
				60FC9F8B284100A400758ACC /* Main.storyboard in Resources */,
			);
			runOnlyForDeploymentPostprocessing = 0;
		};
/* End PBXResourcesBuildPhase section */

/* Begin PBXSourcesBuildPhase section */
		60FC9F7C284100A400758ACC /* Sources */ = {
			isa = PBXSourcesBuildPhase;
			buildActionMask = 2147483647;
			files = (
				6098C94A285A0BC900F30C9B /* DeliveryStatusWidgetView.swift in Sources */,
				60FC9FA72846204100758ACC /* Global.swift in Sources */,
				60FC9F88284100A400758ACC /* ViewController.swift in Sources */,
				6098C9412859F3B300F30C9B /* OrderDetailInfoWidget.swift in Sources */,
				60FC9FAC2846565600758ACC /* DeliveryStatusViewModels.swift in Sources */,
				6098C94E285A0EBA00F30C9B /* OrderDetailsInfoTitleGroupCell.swift in Sources */,
				6098C954285A0FC100F30C9B /* OrderDetailsInfoOrderActorCell.swift in Sources */,
				600E1B14285CA63700F3C16C /* OrderDetailInfoHeader.swift in Sources */,
				6098C93A2859E0E700F30C9B /* OrderDetailInfoViewModels.swift in Sources */,
				600E1B09285B5C0200F3C16C /* OrderDetailsInfoParcelInfoCell.swift in Sources */,
				608DBE512852246900A4A488 /* OrderDTO.swift in Sources */,
				6098C948285A075400F30C9B /* OrderDetailInfoViewController.swift in Sources */,
				60FC9FAA2846277700758ACC /* DeliveryStatusView.swift in Sources */,
				60FC9F9A28410E9500758ACC /* DeliveryStatusStepView.swift in Sources */,
				60FC9F9C28410EAC00758ACC /* DeliveryStatusTitleView.swift in Sources */,
				608DBE4B284F787D00A4A488 /* DeliveryStatusCardView.swift in Sources */,
				608DBE53285239E900A4A488 /* StatusWidgetViewModelBuilder.swift in Sources */,
				60FC9F84284100A400758ACC /* AppDelegate.swift in Sources */,
				608DBE4E284F9D2900A4A488 /* DeliveryStatusDocumentation.docc in Sources */,
				600E1B05285B41EA00F3C16C /* OrderDetailsInfoServiceCell.swift in Sources */,
				6029D94F28605DD70082A985 /* FakeData.swift in Sources */,
				60FC9F86284100A400758ACC /* SceneDelegate.swift in Sources */,
			);
			runOnlyForDeploymentPostprocessing = 0;
		};
/* End PBXSourcesBuildPhase section */

/* Begin PBXVariantGroup section */
		60FC9F89284100A400758ACC /* Main.storyboard */ = {
			isa = PBXVariantGroup;
			children = (
				60FC9F8A284100A400758ACC /* Base */,
			);
			name = Main.storyboard;
			sourceTree = "<group>";
		};
		60FC9F8E284100A500758ACC /* LaunchScreen.storyboard */ = {
			isa = PBXVariantGroup;
			children = (
				60FC9F8F284100A500758ACC /* Base */,
			);
			name = LaunchScreen.storyboard;
			sourceTree = "<group>";
		};
/* End PBXVariantGroup section */

/* Begin XCBuildConfiguration section */
		60FC9F92284100A500758ACC /* Debug */ = {
			isa = XCBuildConfiguration;
			buildSettings = {
				ALWAYS_SEARCH_USER_PATHS = NO;
				CLANG_ANALYZER_NONNULL = YES;
				CLANG_ANALYZER_NUMBER_OBJECT_CONVERSION = YES_AGGRESSIVE;
				CLANG_CXX_LANGUAGE_STANDARD = "gnu++17";
				CLANG_ENABLE_MODULES = YES;
				CLANG_ENABLE_OBJC_ARC = YES;
				CLANG_ENABLE_OBJC_WEAK = YES;
				CLANG_WARN_BLOCK_CAPTURE_AUTORELEASING = YES;
				CLANG_WARN_BOOL_CONVERSION = YES;
				CLANG_WARN_COMMA = YES;
				CLANG_WARN_CONSTANT_CONVERSION = YES;
				CLANG_WARN_DEPRECATED_OBJC_IMPLEMENTATIONS = YES;
				CLANG_WARN_DIRECT_OBJC_ISA_USAGE = YES_ERROR;
				CLANG_WARN_DOCUMENTATION_COMMENTS = YES;
				CLANG_WARN_EMPTY_BODY = YES;
				CLANG_WARN_ENUM_CONVERSION = YES;
				CLANG_WARN_INFINITE_RECURSION = YES;
				CLANG_WARN_INT_CONVERSION = YES;
				CLANG_WARN_NON_LITERAL_NULL_CONVERSION = YES;
				CLANG_WARN_OBJC_IMPLICIT_RETAIN_SELF = YES;
				CLANG_WARN_OBJC_LITERAL_CONVERSION = YES;
				CLANG_WARN_OBJC_ROOT_CLASS = YES_ERROR;
				CLANG_WARN_QUOTED_INCLUDE_IN_FRAMEWORK_HEADER = YES;
				CLANG_WARN_RANGE_LOOP_ANALYSIS = YES;
				CLANG_WARN_STRICT_PROTOTYPES = YES;
				CLANG_WARN_SUSPICIOUS_MOVE = YES;
				CLANG_WARN_UNGUARDED_AVAILABILITY = YES_AGGRESSIVE;
				CLANG_WARN_UNREACHABLE_CODE = YES;
				CLANG_WARN__DUPLICATE_METHOD_MATCH = YES;
				COPY_PHASE_STRIP = NO;
				DEBUG_INFORMATION_FORMAT = dwarf;
				ENABLE_STRICT_OBJC_MSGSEND = YES;
				ENABLE_TESTABILITY = YES;
				GCC_C_LANGUAGE_STANDARD = gnu11;
				GCC_DYNAMIC_NO_PIC = NO;
				GCC_NO_COMMON_BLOCKS = YES;
				GCC_OPTIMIZATION_LEVEL = 0;
				GCC_PREPROCESSOR_DEFINITIONS = (
					"DEBUG=1",
					"$(inherited)",
				);
				GCC_WARN_64_TO_32_BIT_CONVERSION = YES;
				GCC_WARN_ABOUT_RETURN_TYPE = YES_ERROR;
				GCC_WARN_UNDECLARED_SELECTOR = YES;
				GCC_WARN_UNINITIALIZED_AUTOS = YES_AGGRESSIVE;
				GCC_WARN_UNUSED_FUNCTION = YES;
				GCC_WARN_UNUSED_VARIABLE = YES;
				INFOPLIST_KEY_UIUserInterfaceStyle = Light;
				IPHONEOS_DEPLOYMENT_TARGET = 13.0;
				MTL_ENABLE_DEBUG_INFO = INCLUDE_SOURCE;
				MTL_FAST_MATH = YES;
				ONLY_ACTIVE_ARCH = YES;
				SDKROOT = iphoneos;
				SWIFT_ACTIVE_COMPILATION_CONDITIONS = DEBUG;
				SWIFT_OPTIMIZATION_LEVEL = "-Onone";
			};
			name = Debug;
		};
		60FC9F93284100A500758ACC /* Release */ = {
			isa = XCBuildConfiguration;
			buildSettings = {
				ALWAYS_SEARCH_USER_PATHS = NO;
				CLANG_ANALYZER_NONNULL = YES;
				CLANG_ANALYZER_NUMBER_OBJECT_CONVERSION = YES_AGGRESSIVE;
				CLANG_CXX_LANGUAGE_STANDARD = "gnu++17";
				CLANG_ENABLE_MODULES = YES;
				CLANG_ENABLE_OBJC_ARC = YES;
				CLANG_ENABLE_OBJC_WEAK = YES;
				CLANG_WARN_BLOCK_CAPTURE_AUTORELEASING = YES;
				CLANG_WARN_BOOL_CONVERSION = YES;
				CLANG_WARN_COMMA = YES;
				CLANG_WARN_CONSTANT_CONVERSION = YES;
				CLANG_WARN_DEPRECATED_OBJC_IMPLEMENTATIONS = YES;
				CLANG_WARN_DIRECT_OBJC_ISA_USAGE = YES_ERROR;
				CLANG_WARN_DOCUMENTATION_COMMENTS = YES;
				CLANG_WARN_EMPTY_BODY = YES;
				CLANG_WARN_ENUM_CONVERSION = YES;
				CLANG_WARN_INFINITE_RECURSION = YES;
				CLANG_WARN_INT_CONVERSION = YES;
				CLANG_WARN_NON_LITERAL_NULL_CONVERSION = YES;
				CLANG_WARN_OBJC_IMPLICIT_RETAIN_SELF = YES;
				CLANG_WARN_OBJC_LITERAL_CONVERSION = YES;
				CLANG_WARN_OBJC_ROOT_CLASS = YES_ERROR;
				CLANG_WARN_QUOTED_INCLUDE_IN_FRAMEWORK_HEADER = YES;
				CLANG_WARN_RANGE_LOOP_ANALYSIS = YES;
				CLANG_WARN_STRICT_PROTOTYPES = YES;
				CLANG_WARN_SUSPICIOUS_MOVE = YES;
				CLANG_WARN_UNGUARDED_AVAILABILITY = YES_AGGRESSIVE;
				CLANG_WARN_UNREACHABLE_CODE = YES;
				CLANG_WARN__DUPLICATE_METHOD_MATCH = YES;
				COPY_PHASE_STRIP = NO;
				DEBUG_INFORMATION_FORMAT = "dwarf-with-dsym";
				ENABLE_NS_ASSERTIONS = NO;
				ENABLE_STRICT_OBJC_MSGSEND = YES;
				GCC_C_LANGUAGE_STANDARD = gnu11;
				GCC_NO_COMMON_BLOCKS = YES;
				GCC_WARN_64_TO_32_BIT_CONVERSION = YES;
				GCC_WARN_ABOUT_RETURN_TYPE = YES_ERROR;
				GCC_WARN_UNDECLARED_SELECTOR = YES;
				GCC_WARN_UNINITIALIZED_AUTOS = YES_AGGRESSIVE;
				GCC_WARN_UNUSED_FUNCTION = YES;
				GCC_WARN_UNUSED_VARIABLE = YES;
				INFOPLIST_KEY_UIUserInterfaceStyle = Light;
				IPHONEOS_DEPLOYMENT_TARGET = 13.0;
				MTL_ENABLE_DEBUG_INFO = NO;
				MTL_FAST_MATH = YES;
				SDKROOT = iphoneos;
				SWIFT_COMPILATION_MODE = wholemodule;
				SWIFT_OPTIMIZATION_LEVEL = "-O";
				VALIDATE_PRODUCT = YES;
			};
			name = Release;
		};
		60FC9F95284100A500758ACC /* Debug */ = {
			isa = XCBuildConfiguration;
			buildSettings = {
				ASSETCATALOG_COMPILER_APPICON_NAME = AppIcon;
				ASSETCATALOG_COMPILER_GLOBAL_ACCENT_COLOR_NAME = AccentColor;
				CODE_SIGN_STYLE = Automatic;
				CURRENT_PROJECT_VERSION = 1;
				DEVELOPMENT_TEAM = X32NRAU4Z4;
				GENERATE_INFOPLIST_FILE = YES;
				INFOPLIST_FILE = DeliveryStatus/Info.plist;
				INFOPLIST_KEY_UIApplicationSupportsIndirectInputEvents = YES;
				INFOPLIST_KEY_UILaunchStoryboardName = LaunchScreen;
				INFOPLIST_KEY_UIMainStoryboardFile = OrderDetailInfoScene;
				INFOPLIST_KEY_UISupportedInterfaceOrientations_iPad = "UIInterfaceOrientationPortrait UIInterfaceOrientationPortraitUpsideDown UIInterfaceOrientationLandscapeLeft UIInterfaceOrientationLandscapeRight";
				INFOPLIST_KEY_UISupportedInterfaceOrientations_iPhone = "UIInterfaceOrientationPortrait UIInterfaceOrientationLandscapeLeft UIInterfaceOrientationLandscapeRight";
				LD_RUNPATH_SEARCH_PATHS = (
					"$(inherited)",
					"@executable_path/Frameworks",
				);
				MARKETING_VERSION = 1.0;
				PRODUCT_BUNDLE_IDENTIFIER = com.unicorn.DeliveryStatus;
				PRODUCT_NAME = "$(TARGET_NAME)";
				SWIFT_EMIT_LOC_STRINGS = YES;
				SWIFT_VERSION = 5.0;
				TARGETED_DEVICE_FAMILY = "1,2";
			};
			name = Debug;
		};
		60FC9F96284100A500758ACC /* Release */ = {
			isa = XCBuildConfiguration;
			buildSettings = {
				ASSETCATALOG_COMPILER_APPICON_NAME = AppIcon;
				ASSETCATALOG_COMPILER_GLOBAL_ACCENT_COLOR_NAME = AccentColor;
				CODE_SIGN_STYLE = Automatic;
				CURRENT_PROJECT_VERSION = 1;
				DEVELOPMENT_TEAM = X32NRAU4Z4;
				GENERATE_INFOPLIST_FILE = YES;
				INFOPLIST_FILE = DeliveryStatus/Info.plist;
				INFOPLIST_KEY_UIApplicationSupportsIndirectInputEvents = YES;
				INFOPLIST_KEY_UILaunchStoryboardName = LaunchScreen;
				INFOPLIST_KEY_UIMainStoryboardFile = OrderDetailInfoScene;
				INFOPLIST_KEY_UISupportedInterfaceOrientations_iPad = "UIInterfaceOrientationPortrait UIInterfaceOrientationPortraitUpsideDown UIInterfaceOrientationLandscapeLeft UIInterfaceOrientationLandscapeRight";
				INFOPLIST_KEY_UISupportedInterfaceOrientations_iPhone = "UIInterfaceOrientationPortrait UIInterfaceOrientationLandscapeLeft UIInterfaceOrientationLandscapeRight";
				LD_RUNPATH_SEARCH_PATHS = (
					"$(inherited)",
					"@executable_path/Frameworks",
				);
				MARKETING_VERSION = 1.0;
				PRODUCT_BUNDLE_IDENTIFIER = com.unicorn.DeliveryStatus;
				PRODUCT_NAME = "$(TARGET_NAME)";
				SWIFT_EMIT_LOC_STRINGS = YES;
				SWIFT_VERSION = 5.0;
				TARGETED_DEVICE_FAMILY = "1,2";
			};
			name = Release;
		};
/* End XCBuildConfiguration section */

/* Begin XCConfigurationList section */
		60FC9F7B284100A400758ACC /* Build configuration list for PBXProject "DeliveryStatus" */ = {
			isa = XCConfigurationList;
			buildConfigurations = (
				60FC9F92284100A500758ACC /* Debug */,
				60FC9F93284100A500758ACC /* Release */,
			);
			defaultConfigurationIsVisible = 0;
			defaultConfigurationName = Release;
		};
		60FC9F94284100A500758ACC /* Build configuration list for PBXNativeTarget "DeliveryStatus" */ = {
			isa = XCConfigurationList;
			buildConfigurations = (
				60FC9F95284100A500758ACC /* Debug */,
				60FC9F96284100A500758ACC /* Release */,
			);
			defaultConfigurationIsVisible = 0;
			defaultConfigurationName = Release;
		};
/* End XCConfigurationList section */
	};
	rootObject = 60FC9F78284100A400758ACC /* Project object */;
}
